// !$*UTF8*$!
{
	archiveVersion = 1;
	classes = {
	};
	objectVersion = 46;
	objects = {

/* Begin PBXBuildFile section */
		4128CF3A1955244B00F4986E /* Foundation.framework in Frameworks */ = {isa = PBXBuildFile; fileRef = 4128CF391955244B00F4986E /* Foundation.framework */; };
		4128CF3C1955244B00F4986E /* CoreGraphics.framework in Frameworks */ = {isa = PBXBuildFile; fileRef = 4128CF3B1955244B00F4986E /* CoreGraphics.framework */; };
		4128CF3E1955244B00F4986E /* UIKit.framework in Frameworks */ = {isa = PBXBuildFile; fileRef = 4128CF3D1955244B00F4986E /* UIKit.framework */; };
		4128CF441955244B00F4986E /* InfoPlist.strings in Resources */ = {isa = PBXBuildFile; fileRef = 4128CF421955244B00F4986E /* InfoPlist.strings */; };
		4128CF461955244B00F4986E /* main.m in Sources */ = {isa = PBXBuildFile; fileRef = 4128CF451955244B00F4986E /* main.m */; };
		4128CF4A1955244B00F4986E /* AppDelegate.m in Sources */ = {isa = PBXBuildFile; fileRef = 4128CF491955244B00F4986E /* AppDelegate.m */; };
		4128CF4D1955244B00F4986E /* Main.storyboard in Resources */ = {isa = PBXBuildFile; fileRef = 4128CF4B1955244B00F4986E /* Main.storyboard */; };
		4128CF521955244B00F4986E /* Images.xcassets in Resources */ = {isa = PBXBuildFile; fileRef = 4128CF511955244B00F4986E /* Images.xcassets */; };
		4128CF591955244B00F4986E /* XCTest.framework in Frameworks */ = {isa = PBXBuildFile; fileRef = 4128CF581955244B00F4986E /* XCTest.framework */; };
		4128CF5A1955244B00F4986E /* Foundation.framework in Frameworks */ = {isa = PBXBuildFile; fileRef = 4128CF391955244B00F4986E /* Foundation.framework */; };
		4128CF5B1955244B00F4986E /* UIKit.framework in Frameworks */ = {isa = PBXBuildFile; fileRef = 4128CF3D1955244B00F4986E /* UIKit.framework */; };
		4128CF631955244B00F4986E /* InfoPlist.strings in Resources */ = {isa = PBXBuildFile; fileRef = 4128CF611955244B00F4986E /* InfoPlist.strings */; };
		4128CF651955244B00F4986E /* BobaTests.m in Sources */ = {isa = PBXBuildFile; fileRef = 4128CF641955244B00F4986E /* BobaTests.m */; };
		413802281966582400172043 /* HomeViewController.m in Sources */ = {isa = PBXBuildFile; fileRef = 413802261966582400172043 /* HomeViewController.m */; };
		4138022D1966585C00172043 /* AccountCreateViewController.m in Sources */ = {isa = PBXBuildFile; fileRef = 4138022B1966585C00172043 /* AccountCreateViewController.m */; };
		4138022E1966585C00172043 /* AccountCreateViewController.xib in Resources */ = {isa = PBXBuildFile; fileRef = 4138022C1966585C00172043 /* AccountCreateViewController.xib */; };
		41380231196A469700172043 /* AccountCreationService.m in Sources */ = {isa = PBXBuildFile; fileRef = 41380230196A469700172043 /* AccountCreationService.m */; };
		41380258196A494300172043 /* AFHTTPRequestOperation.m in Sources */ = {isa = PBXBuildFile; fileRef = 41380234196A494300172043 /* AFHTTPRequestOperation.m */; };
		41380259196A494300172043 /* AFHTTPRequestOperationManager.m in Sources */ = {isa = PBXBuildFile; fileRef = 41380236196A494300172043 /* AFHTTPRequestOperationManager.m */; };
		4138025A196A494300172043 /* AFHTTPSessionManager.m in Sources */ = {isa = PBXBuildFile; fileRef = 41380238196A494300172043 /* AFHTTPSessionManager.m */; };
		4138025B196A494300172043 /* AFNetworkReachabilityManager.m in Sources */ = {isa = PBXBuildFile; fileRef = 4138023B196A494300172043 /* AFNetworkReachabilityManager.m */; };
		4138025C196A494300172043 /* AFSecurityPolicy.m in Sources */ = {isa = PBXBuildFile; fileRef = 4138023D196A494300172043 /* AFSecurityPolicy.m */; };
		4138025D196A494300172043 /* AFURLConnectionOperation.m in Sources */ = {isa = PBXBuildFile; fileRef = 4138023F196A494300172043 /* AFURLConnectionOperation.m */; };
		4138025E196A494300172043 /* AFURLRequestSerialization.m in Sources */ = {isa = PBXBuildFile; fileRef = 41380241196A494300172043 /* AFURLRequestSerialization.m */; };
		4138025F196A494300172043 /* AFURLResponseSerialization.m in Sources */ = {isa = PBXBuildFile; fileRef = 41380243196A494300172043 /* AFURLResponseSerialization.m */; };
		41380260196A494300172043 /* AFURLSessionManager.m in Sources */ = {isa = PBXBuildFile; fileRef = 41380245196A494300172043 /* AFURLSessionManager.m */; };
		41380261196A494300172043 /* AFNetworkActivityIndicatorManager.m in Sources */ = {isa = PBXBuildFile; fileRef = 41380248196A494300172043 /* AFNetworkActivityIndicatorManager.m */; };
		41380262196A494300172043 /* UIActivityIndicatorView+AFNetworking.m in Sources */ = {isa = PBXBuildFile; fileRef = 4138024A196A494300172043 /* UIActivityIndicatorView+AFNetworking.m */; };
		41380263196A494300172043 /* UIAlertView+AFNetworking.m in Sources */ = {isa = PBXBuildFile; fileRef = 4138024C196A494300172043 /* UIAlertView+AFNetworking.m */; };
		41380264196A494300172043 /* UIButton+AFNetworking.m in Sources */ = {isa = PBXBuildFile; fileRef = 4138024E196A494300172043 /* UIButton+AFNetworking.m */; };
		41380265196A494300172043 /* UIImageView+AFNetworking.m in Sources */ = {isa = PBXBuildFile; fileRef = 41380250196A494300172043 /* UIImageView+AFNetworking.m */; };
		41380266196A494300172043 /* UIProgressView+AFNetworking.m in Sources */ = {isa = PBXBuildFile; fileRef = 41380253196A494300172043 /* UIProgressView+AFNetworking.m */; };
		41380267196A494300172043 /* UIRefreshControl+AFNetworking.m in Sources */ = {isa = PBXBuildFile; fileRef = 41380255196A494300172043 /* UIRefreshControl+AFNetworking.m */; };
		41380268196A494300172043 /* UIWebView+AFNetworking.m in Sources */ = {isa = PBXBuildFile; fileRef = 41380257196A494300172043 /* UIWebView+AFNetworking.m */; };
		41A5BE42196A58AD0043FAF2 /* StringUtility.m in Sources */ = {isa = PBXBuildFile; fileRef = 41A5BE41196A58AD0043FAF2 /* StringUtility.m */; };
/* End PBXBuildFile section */

/* Begin PBXContainerItemProxy section */
		4128CF5C1955244B00F4986E /* PBXContainerItemProxy */ = {
			isa = PBXContainerItemProxy;
			containerPortal = 4128CF2E1955244B00F4986E /* Project object */;
			proxyType = 1;
			remoteGlobalIDString = 4128CF351955244B00F4986E;
			remoteInfo = Boba;
		};
/* End PBXContainerItemProxy section */

/* Begin PBXFileReference section */
		4128CF361955244B00F4986E /* Boba.app */ = {isa = PBXFileReference; explicitFileType = wrapper.application; includeInIndex = 0; path = Boba.app; sourceTree = BUILT_PRODUCTS_DIR; };
		4128CF391955244B00F4986E /* Foundation.framework */ = {isa = PBXFileReference; lastKnownFileType = wrapper.framework; name = Foundation.framework; path = System/Library/Frameworks/Foundation.framework; sourceTree = SDKROOT; };
		4128CF3B1955244B00F4986E /* CoreGraphics.framework */ = {isa = PBXFileReference; lastKnownFileType = wrapper.framework; name = CoreGraphics.framework; path = System/Library/Frameworks/CoreGraphics.framework; sourceTree = SDKROOT; };
		4128CF3D1955244B00F4986E /* UIKit.framework */ = {isa = PBXFileReference; lastKnownFileType = wrapper.framework; name = UIKit.framework; path = System/Library/Frameworks/UIKit.framework; sourceTree = SDKROOT; };
		4128CF411955244B00F4986E /* Boba-Info.plist */ = {isa = PBXFileReference; lastKnownFileType = text.plist.xml; path = "Boba-Info.plist"; sourceTree = "<group>"; };
		4128CF431955244B00F4986E /* en */ = {isa = PBXFileReference; lastKnownFileType = text.plist.strings; name = en; path = en.lproj/InfoPlist.strings; sourceTree = "<group>"; };
		4128CF451955244B00F4986E /* main.m */ = {isa = PBXFileReference; lastKnownFileType = sourcecode.c.objc; path = main.m; sourceTree = "<group>"; };
		4128CF471955244B00F4986E /* Boba-Prefix.pch */ = {isa = PBXFileReference; lastKnownFileType = sourcecode.c.h; path = "Boba-Prefix.pch"; sourceTree = "<group>"; };
		4128CF481955244B00F4986E /* AppDelegate.h */ = {isa = PBXFileReference; lastKnownFileType = sourcecode.c.h; path = AppDelegate.h; sourceTree = "<group>"; };
		4128CF491955244B00F4986E /* AppDelegate.m */ = {isa = PBXFileReference; lastKnownFileType = sourcecode.c.objc; path = AppDelegate.m; sourceTree = "<group>"; };
		4128CF4C1955244B00F4986E /* Base */ = {isa = PBXFileReference; lastKnownFileType = file.storyboard; name = Base; path = Base.lproj/Main.storyboard; sourceTree = "<group>"; };
		4128CF511955244B00F4986E /* Images.xcassets */ = {isa = PBXFileReference; lastKnownFileType = folder.assetcatalog; path = Images.xcassets; sourceTree = "<group>"; };
		4128CF571955244B00F4986E /* BobaTests.xctest */ = {isa = PBXFileReference; explicitFileType = wrapper.cfbundle; includeInIndex = 0; path = BobaTests.xctest; sourceTree = BUILT_PRODUCTS_DIR; };
		4128CF581955244B00F4986E /* XCTest.framework */ = {isa = PBXFileReference; lastKnownFileType = wrapper.framework; name = XCTest.framework; path = Library/Frameworks/XCTest.framework; sourceTree = DEVELOPER_DIR; };
		4128CF601955244B00F4986E /* BobaTests-Info.plist */ = {isa = PBXFileReference; lastKnownFileType = text.plist.xml; path = "BobaTests-Info.plist"; sourceTree = "<group>"; };
		4128CF621955244B00F4986E /* en */ = {isa = PBXFileReference; lastKnownFileType = text.plist.strings; name = en; path = en.lproj/InfoPlist.strings; sourceTree = "<group>"; };
		4128CF641955244B00F4986E /* BobaTests.m */ = {isa = PBXFileReference; lastKnownFileType = sourcecode.c.objc; path = BobaTests.m; sourceTree = "<group>"; };
		413802251966582400172043 /* HomeViewController.h */ = {isa = PBXFileReference; fileEncoding = 4; lastKnownFileType = sourcecode.c.h; path = HomeViewController.h; sourceTree = "<group>"; };
		413802261966582400172043 /* HomeViewController.m */ = {isa = PBXFileReference; fileEncoding = 4; lastKnownFileType = sourcecode.c.objc; path = HomeViewController.m; sourceTree = "<group>"; };
		4138022A1966585C00172043 /* AccountCreateViewController.h */ = {isa = PBXFileReference; fileEncoding = 4; lastKnownFileType = sourcecode.c.h; path = AccountCreateViewController.h; sourceTree = "<group>"; };
		4138022B1966585C00172043 /* AccountCreateViewController.m */ = {isa = PBXFileReference; fileEncoding = 4; lastKnownFileType = sourcecode.c.objc; path = AccountCreateViewController.m; sourceTree = "<group>"; };
		4138022C1966585C00172043 /* AccountCreateViewController.xib */ = {isa = PBXFileReference; fileEncoding = 4; lastKnownFileType = file.xib; path = AccountCreateViewController.xib; sourceTree = "<group>"; };
		4138022F196A469700172043 /* AccountCreationService.h */ = {isa = PBXFileReference; fileEncoding = 4; lastKnownFileType = sourcecode.c.h; path = AccountCreationService.h; sourceTree = "<group>"; };
		41380230196A469700172043 /* AccountCreationService.m */ = {isa = PBXFileReference; fileEncoding = 4; lastKnownFileType = sourcecode.c.objc; path = AccountCreationService.m; sourceTree = "<group>"; };
		41380233196A494300172043 /* AFHTTPRequestOperation.h */ = {isa = PBXFileReference; fileEncoding = 4; lastKnownFileType = sourcecode.c.h; path = AFHTTPRequestOperation.h; sourceTree = "<group>"; };
		41380234196A494300172043 /* AFHTTPRequestOperation.m */ = {isa = PBXFileReference; fileEncoding = 4; lastKnownFileType = sourcecode.c.objc; path = AFHTTPRequestOperation.m; sourceTree = "<group>"; };
		41380235196A494300172043 /* AFHTTPRequestOperationManager.h */ = {isa = PBXFileReference; fileEncoding = 4; lastKnownFileType = sourcecode.c.h; path = AFHTTPRequestOperationManager.h; sourceTree = "<group>"; };
		41380236196A494300172043 /* AFHTTPRequestOperationManager.m */ = {isa = PBXFileReference; fileEncoding = 4; lastKnownFileType = sourcecode.c.objc; path = AFHTTPRequestOperationManager.m; sourceTree = "<group>"; };
		41380237196A494300172043 /* AFHTTPSessionManager.h */ = {isa = PBXFileReference; fileEncoding = 4; lastKnownFileType = sourcecode.c.h; path = AFHTTPSessionManager.h; sourceTree = "<group>"; };
		41380238196A494300172043 /* AFHTTPSessionManager.m */ = {isa = PBXFileReference; fileEncoding = 4; lastKnownFileType = sourcecode.c.objc; path = AFHTTPSessionManager.m; sourceTree = "<group>"; };
		41380239196A494300172043 /* AFNetworking.h */ = {isa = PBXFileReference; fileEncoding = 4; lastKnownFileType = sourcecode.c.h; path = AFNetworking.h; sourceTree = "<group>"; };
		4138023A196A494300172043 /* AFNetworkReachabilityManager.h */ = {isa = PBXFileReference; fileEncoding = 4; lastKnownFileType = sourcecode.c.h; path = AFNetworkReachabilityManager.h; sourceTree = "<group>"; };
		4138023B196A494300172043 /* AFNetworkReachabilityManager.m */ = {isa = PBXFileReference; fileEncoding = 4; lastKnownFileType = sourcecode.c.objc; path = AFNetworkReachabilityManager.m; sourceTree = "<group>"; };
		4138023C196A494300172043 /* AFSecurityPolicy.h */ = {isa = PBXFileReference; fileEncoding = 4; lastKnownFileType = sourcecode.c.h; path = AFSecurityPolicy.h; sourceTree = "<group>"; };
		4138023D196A494300172043 /* AFSecurityPolicy.m */ = {isa = PBXFileReference; fileEncoding = 4; lastKnownFileType = sourcecode.c.objc; path = AFSecurityPolicy.m; sourceTree = "<group>"; };
		4138023E196A494300172043 /* AFURLConnectionOperation.h */ = {isa = PBXFileReference; fileEncoding = 4; lastKnownFileType = sourcecode.c.h; path = AFURLConnectionOperation.h; sourceTree = "<group>"; };
		4138023F196A494300172043 /* AFURLConnectionOperation.m */ = {isa = PBXFileReference; fileEncoding = 4; lastKnownFileType = sourcecode.c.objc; path = AFURLConnectionOperation.m; sourceTree = "<group>"; };
		41380240196A494300172043 /* AFURLRequestSerialization.h */ = {isa = PBXFileReference; fileEncoding = 4; lastKnownFileType = sourcecode.c.h; path = AFURLRequestSerialization.h; sourceTree = "<group>"; };
		41380241196A494300172043 /* AFURLRequestSerialization.m */ = {isa = PBXFileReference; fileEncoding = 4; lastKnownFileType = sourcecode.c.objc; path = AFURLRequestSerialization.m; sourceTree = "<group>"; };
		41380242196A494300172043 /* AFURLResponseSerialization.h */ = {isa = PBXFileReference; fileEncoding = 4; lastKnownFileType = sourcecode.c.h; path = AFURLResponseSerialization.h; sourceTree = "<group>"; };
		41380243196A494300172043 /* AFURLResponseSerialization.m */ = {isa = PBXFileReference; fileEncoding = 4; lastKnownFileType = sourcecode.c.objc; path = AFURLResponseSerialization.m; sourceTree = "<group>"; };
		41380244196A494300172043 /* AFURLSessionManager.h */ = {isa = PBXFileReference; fileEncoding = 4; lastKnownFileType = sourcecode.c.h; path = AFURLSessionManager.h; sourceTree = "<group>"; };
		41380245196A494300172043 /* AFURLSessionManager.m */ = {isa = PBXFileReference; fileEncoding = 4; lastKnownFileType = sourcecode.c.objc; path = AFURLSessionManager.m; sourceTree = "<group>"; };
		41380247196A494300172043 /* AFNetworkActivityIndicatorManager.h */ = {isa = PBXFileReference; fileEncoding = 4; lastKnownFileType = sourcecode.c.h; path = AFNetworkActivityIndicatorManager.h; sourceTree = "<group>"; };
		41380248196A494300172043 /* AFNetworkActivityIndicatorManager.m */ = {isa = PBXFileReference; fileEncoding = 4; lastKnownFileType = sourcecode.c.objc; path = AFNetworkActivityIndicatorManager.m; sourceTree = "<group>"; };
		41380249196A494300172043 /* UIActivityIndicatorView+AFNetworking.h */ = {isa = PBXFileReference; fileEncoding = 4; lastKnownFileType = sourcecode.c.h; path = "UIActivityIndicatorView+AFNetworking.h"; sourceTree = "<group>"; };
		4138024A196A494300172043 /* UIActivityIndicatorView+AFNetworking.m */ = {isa = PBXFileReference; fileEncoding = 4; lastKnownFileType = sourcecode.c.objc; path = "UIActivityIndicatorView+AFNetworking.m"; sourceTree = "<group>"; };
		4138024B196A494300172043 /* UIAlertView+AFNetworking.h */ = {isa = PBXFileReference; fileEncoding = 4; lastKnownFileType = sourcecode.c.h; path = "UIAlertView+AFNetworking.h"; sourceTree = "<group>"; };
		4138024C196A494300172043 /* UIAlertView+AFNetworking.m */ = {isa = PBXFileReference; fileEncoding = 4; lastKnownFileType = sourcecode.c.objc; path = "UIAlertView+AFNetworking.m"; sourceTree = "<group>"; };
		4138024D196A494300172043 /* UIButton+AFNetworking.h */ = {isa = PBXFileReference; fileEncoding = 4; lastKnownFileType = sourcecode.c.h; path = "UIButton+AFNetworking.h"; sourceTree = "<group>"; };
		4138024E196A494300172043 /* UIButton+AFNetworking.m */ = {isa = PBXFileReference; fileEncoding = 4; lastKnownFileType = sourcecode.c.objc; path = "UIButton+AFNetworking.m"; sourceTree = "<group>"; };
		4138024F196A494300172043 /* UIImageView+AFNetworking.h */ = {isa = PBXFileReference; fileEncoding = 4; lastKnownFileType = sourcecode.c.h; path = "UIImageView+AFNetworking.h"; sourceTree = "<group>"; };
		41380250196A494300172043 /* UIImageView+AFNetworking.m */ = {isa = PBXFileReference; fileEncoding = 4; lastKnownFileType = sourcecode.c.objc; path = "UIImageView+AFNetworking.m"; sourceTree = "<group>"; };
		41380251196A494300172043 /* UIKit+AFNetworking.h */ = {isa = PBXFileReference; fileEncoding = 4; lastKnownFileType = sourcecode.c.h; path = "UIKit+AFNetworking.h"; sourceTree = "<group>"; };
		41380252196A494300172043 /* UIProgressView+AFNetworking.h */ = {isa = PBXFileReference; fileEncoding = 4; lastKnownFileType = sourcecode.c.h; path = "UIProgressView+AFNetworking.h"; sourceTree = "<group>"; };
		41380253196A494300172043 /* UIProgressView+AFNetworking.m */ = {isa = PBXFileReference; fileEncoding = 4; lastKnownFileType = sourcecode.c.objc; path = "UIProgressView+AFNetworking.m"; sourceTree = "<group>"; };
		41380254196A494300172043 /* UIRefreshControl+AFNetworking.h */ = {isa = PBXFileReference; fileEncoding = 4; lastKnownFileType = sourcecode.c.h; path = "UIRefreshControl+AFNetworking.h"; sourceTree = "<group>"; };
		41380255196A494300172043 /* UIRefreshControl+AFNetworking.m */ = {isa = PBXFileReference; fileEncoding = 4; lastKnownFileType = sourcecode.c.objc; path = "UIRefreshControl+AFNetworking.m"; sourceTree = "<group>"; };
		41380256196A494300172043 /* UIWebView+AFNetworking.h */ = {isa = PBXFileReference; fileEncoding = 4; lastKnownFileType = sourcecode.c.h; path = "UIWebView+AFNetworking.h"; sourceTree = "<group>"; };
		41380257196A494300172043 /* UIWebView+AFNetworking.m */ = {isa = PBXFileReference; fileEncoding = 4; lastKnownFileType = sourcecode.c.objc; path = "UIWebView+AFNetworking.m"; sourceTree = "<group>"; };
		41A5BE40196A58AD0043FAF2 /* StringUtility.h */ = {isa = PBXFileReference; fileEncoding = 4; lastKnownFileType = sourcecode.c.h; path = StringUtility.h; sourceTree = "<group>"; };
		41A5BE41196A58AD0043FAF2 /* StringUtility.m */ = {isa = PBXFileReference; fileEncoding = 4; lastKnownFileType = sourcecode.c.objc; path = StringUtility.m; sourceTree = "<group>"; };
/* End PBXFileReference section */

/* Begin PBXFrameworksBuildPhase section */
		4128CF331955244B00F4986E /* Frameworks */ = {
			isa = PBXFrameworksBuildPhase;
			buildActionMask = 2147483647;
			files = (
				4128CF3C1955244B00F4986E /* CoreGraphics.framework in Frameworks */,
				4128CF3E1955244B00F4986E /* UIKit.framework in Frameworks */,
				4128CF3A1955244B00F4986E /* Foundation.framework in Frameworks */,
			);
			runOnlyForDeploymentPostprocessing = 0;
		};
		4128CF541955244B00F4986E /* Frameworks */ = {
			isa = PBXFrameworksBuildPhase;
			buildActionMask = 2147483647;
			files = (
				4128CF591955244B00F4986E /* XCTest.framework in Frameworks */,
				4128CF5B1955244B00F4986E /* UIKit.framework in Frameworks */,
				4128CF5A1955244B00F4986E /* Foundation.framework in Frameworks */,
			);
			runOnlyForDeploymentPostprocessing = 0;
		};
/* End PBXFrameworksBuildPhase section */

/* Begin PBXGroup section */
		4128CF2D1955244B00F4986E = {
			isa = PBXGroup;
			children = (
				4128CF3F1955244B00F4986E /* Boba */,
				4128CF5E1955244B00F4986E /* BobaTests */,
				4128CF381955244B00F4986E /* Frameworks */,
				4128CF371955244B00F4986E /* Products */,
			);
			sourceTree = "<group>";
		};
		4128CF371955244B00F4986E /* Products */ = {
			isa = PBXGroup;
			children = (
				4128CF361955244B00F4986E /* Boba.app */,
				4128CF571955244B00F4986E /* BobaTests.xctest */,
			);
			name = Products;
			sourceTree = "<group>";
		};
		4128CF381955244B00F4986E /* Frameworks */ = {
			isa = PBXGroup;
			children = (
				41380232196A494300172043 /* AFNetworking */,
				41380246196A494300172043 /* UIKit+AFNetworking */,
				4128CF391955244B00F4986E /* Foundation.framework */,
				4128CF3B1955244B00F4986E /* CoreGraphics.framework */,
				4128CF3D1955244B00F4986E /* UIKit.framework */,
				4128CF581955244B00F4986E /* XCTest.framework */,
			);
			name = Frameworks;
			sourceTree = "<group>";
		};
		4128CF3F1955244B00F4986E /* Boba */ = {
			isa = PBXGroup;
			children = (
				41A5BE3F196A585B0043FAF2 /* Utilities */,
				4128CF8719552A9400F4986E /* Service */,
				4128CF6E1955247500F4986E /* ViewControllers */,
				4128CF481955244B00F4986E /* AppDelegate.h */,
				4128CF491955244B00F4986E /* AppDelegate.m */,
				4128CF4B1955244B00F4986E /* Main.storyboard */,
				4128CF511955244B00F4986E /* Images.xcassets */,
				4128CF401955244B00F4986E /* Supporting Files */,
			);
			path = Boba;
			sourceTree = "<group>";
		};
		4128CF401955244B00F4986E /* Supporting Files */ = {
			isa = PBXGroup;
			children = (
				4128CF411955244B00F4986E /* Boba-Info.plist */,
				4128CF421955244B00F4986E /* InfoPlist.strings */,
				4128CF451955244B00F4986E /* main.m */,
				4128CF471955244B00F4986E /* Boba-Prefix.pch */,
			);
			name = "Supporting Files";
			sourceTree = "<group>";
		};
		4128CF5E1955244B00F4986E /* BobaTests */ = {
			isa = PBXGroup;
			children = (
				4128CF641955244B00F4986E /* BobaTests.m */,
				4128CF5F1955244B00F4986E /* Supporting Files */,
			);
			path = BobaTests;
			sourceTree = "<group>";
		};
		4128CF5F1955244B00F4986E /* Supporting Files */ = {
			isa = PBXGroup;
			children = (
				4128CF601955244B00F4986E /* BobaTests-Info.plist */,
				4128CF611955244B00F4986E /* InfoPlist.strings */,
			);
			name = "Supporting Files";
			sourceTree = "<group>";
		};
		4128CF6E1955247500F4986E /* ViewControllers */ = {
			isa = PBXGroup;
			children = (
				413802291966584400172043 /* AccountCreation */,
				413802241966582400172043 /* Home */,
				413802271966582400172043 /* Products */,
			);
			path = ViewControllers;
			sourceTree = "<group>";
		};
		4128CF8719552A9400F4986E /* Service */ = {
			isa = PBXGroup;
			children = (
				4138022F196A469700172043 /* AccountCreationService.h */,
				41380230196A469700172043 /* AccountCreationService.m */,
			);
			path = Service;
			sourceTree = "<group>";
		};
		413802241966582400172043 /* Home */ = {
			isa = PBXGroup;
			children = (
				413802251966582400172043 /* HomeViewController.h */,
				413802261966582400172043 /* HomeViewController.m */,
			);
			path = Home;
			sourceTree = "<group>";
		};
		413802271966582400172043 /* Products */ = {
			isa = PBXGroup;
			children = (
			);
			path = Products;
			sourceTree = "<group>";
		};
		413802291966584400172043 /* AccountCreation */ = {
			isa = PBXGroup;
			children = (
				4138022A1966585C00172043 /* AccountCreateViewController.h */,
				4138022B1966585C00172043 /* AccountCreateViewController.m */,
				4138022C1966585C00172043 /* AccountCreateViewController.xib */,
			);
			path = AccountCreation;
			sourceTree = "<group>";
		};
		41380232196A494300172043 /* AFNetworking */ = {
			isa = PBXGroup;
			children = (
				41380233196A494300172043 /* AFHTTPRequestOperation.h */,
				41380234196A494300172043 /* AFHTTPRequestOperation.m */,
				41380235196A494300172043 /* AFHTTPRequestOperationManager.h */,
				41380236196A494300172043 /* AFHTTPRequestOperationManager.m */,
				41380237196A494300172043 /* AFHTTPSessionManager.h */,
				41380238196A494300172043 /* AFHTTPSessionManager.m */,
				41380239196A494300172043 /* AFNetworking.h */,
				4138023A196A494300172043 /* AFNetworkReachabilityManager.h */,
				4138023B196A494300172043 /* AFNetworkReachabilityManager.m */,
				4138023C196A494300172043 /* AFSecurityPolicy.h */,
				4138023D196A494300172043 /* AFSecurityPolicy.m */,
				4138023E196A494300172043 /* AFURLConnectionOperation.h */,
				4138023F196A494300172043 /* AFURLConnectionOperation.m */,
				41380240196A494300172043 /* AFURLRequestSerialization.h */,
				41380241196A494300172043 /* AFURLRequestSerialization.m */,
				41380242196A494300172043 /* AFURLResponseSerialization.h */,
				41380243196A494300172043 /* AFURLResponseSerialization.m */,
				41380244196A494300172043 /* AFURLSessionManager.h */,
				41380245196A494300172043 /* AFURLSessionManager.m */,
			);
			path = AFNetworking;
			sourceTree = "<group>";
		};
		41380246196A494300172043 /* UIKit+AFNetworking */ = {
			isa = PBXGroup;
			children = (
				41380247196A494300172043 /* AFNetworkActivityIndicatorManager.h */,
				41380248196A494300172043 /* AFNetworkActivityIndicatorManager.m */,
				41380249196A494300172043 /* UIActivityIndicatorView+AFNetworking.h */,
				4138024A196A494300172043 /* UIActivityIndicatorView+AFNetworking.m */,
				4138024B196A494300172043 /* UIAlertView+AFNetworking.h */,
				4138024C196A494300172043 /* UIAlertView+AFNetworking.m */,
				4138024D196A494300172043 /* UIButton+AFNetworking.h */,
				4138024E196A494300172043 /* UIButton+AFNetworking.m */,
				4138024F196A494300172043 /* UIImageView+AFNetworking.h */,
				41380250196A494300172043 /* UIImageView+AFNetworking.m */,
				41380251196A494300172043 /* UIKit+AFNetworking.h */,
				41380252196A494300172043 /* UIProgressView+AFNetworking.h */,
				41380253196A494300172043 /* UIProgressView+AFNetworking.m */,
				41380254196A494300172043 /* UIRefreshControl+AFNetworking.h */,
				41380255196A494300172043 /* UIRefreshControl+AFNetworking.m */,
				41380256196A494300172043 /* UIWebView+AFNetworking.h */,
				41380257196A494300172043 /* UIWebView+AFNetworking.m */,
			);
			path = "UIKit+AFNetworking";
			sourceTree = "<group>";
		};
		41A5BE3F196A585B0043FAF2 /* Utilities */ = {
			isa = PBXGroup;
			children = (
				41A5BE40196A58AD0043FAF2 /* StringUtility.h */,
				41A5BE41196A58AD0043FAF2 /* StringUtility.m */,
			);
			path = Utilities;
			sourceTree = "<group>";
		};
/* End PBXGroup section */

/* Begin PBXNativeTarget section */
		4128CF351955244B00F4986E /* Boba */ = {
			isa = PBXNativeTarget;
			buildConfigurationList = 4128CF681955244B00F4986E /* Build configuration list for PBXNativeTarget "Boba" */;
			buildPhases = (
				4128CF321955244B00F4986E /* Sources */,
				4128CF331955244B00F4986E /* Frameworks */,
				4128CF341955244B00F4986E /* Resources */,
			);
			buildRules = (
			);
			dependencies = (
			);
			name = Boba;
			productName = Boba;
			productReference = 4128CF361955244B00F4986E /* Boba.app */;
			productType = "com.apple.product-type.application";
		};
		4128CF561955244B00F4986E /* BobaTests */ = {
			isa = PBXNativeTarget;
			buildConfigurationList = 4128CF6B1955244B00F4986E /* Build configuration list for PBXNativeTarget "BobaTests" */;
			buildPhases = (
				4128CF531955244B00F4986E /* Sources */,
				4128CF541955244B00F4986E /* Frameworks */,
				4128CF551955244B00F4986E /* Resources */,
			);
			buildRules = (
			);
			dependencies = (
				4128CF5D1955244B00F4986E /* PBXTargetDependency */,
			);
			name = BobaTests;
			productName = BobaTests;
			productReference = 4128CF571955244B00F4986E /* BobaTests.xctest */;
			productType = "com.apple.product-type.bundle.unit-test";
		};
/* End PBXNativeTarget section */

/* Begin PBXProject section */
		4128CF2E1955244B00F4986E /* Project object */ = {
			isa = PBXProject;
			attributes = {
				LastUpgradeCheck = 0510;
				ORGANIZATIONNAME = Meep;
				TargetAttributes = {
					4128CF561955244B00F4986E = {
						TestTargetID = 4128CF351955244B00F4986E;
					};
				};
			};
			buildConfigurationList = 4128CF311955244B00F4986E /* Build configuration list for PBXProject "Boba" */;
			compatibilityVersion = "Xcode 3.2";
			developmentRegion = English;
			hasScannedForEncodings = 0;
			knownRegions = (
				en,
				Base,
			);
			mainGroup = 4128CF2D1955244B00F4986E;
			productRefGroup = 4128CF371955244B00F4986E /* Products */;
			projectDirPath = "";
			projectRoot = "";
			targets = (
				4128CF351955244B00F4986E /* Boba */,
				4128CF561955244B00F4986E /* BobaTests */,
			);
		};
/* End PBXProject section */

/* Begin PBXResourcesBuildPhase section */
		4128CF341955244B00F4986E /* Resources */ = {
			isa = PBXResourcesBuildPhase;
			buildActionMask = 2147483647;
			files = (
				4138022E1966585C00172043 /* AccountCreateViewController.xib in Resources */,
				4128CF521955244B00F4986E /* Images.xcassets in Resources */,
				4128CF441955244B00F4986E /* InfoPlist.strings in Resources */,
				4128CF4D1955244B00F4986E /* Main.storyboard in Resources */,
			);
			runOnlyForDeploymentPostprocessing = 0;
		};
		4128CF551955244B00F4986E /* Resources */ = {
			isa = PBXResourcesBuildPhase;
			buildActionMask = 2147483647;
			files = (
				4128CF631955244B00F4986E /* InfoPlist.strings in Resources */,
			);
			runOnlyForDeploymentPostprocessing = 0;
		};
/* End PBXResourcesBuildPhase section */

/* Begin PBXSourcesBuildPhase section */
		4128CF321955244B00F4986E /* Sources */ = {
			isa = PBXSourcesBuildPhase;
			buildActionMask = 2147483647;
			files = (
				4138025D196A494300172043 /* AFURLConnectionOperation.m in Sources */,
				41380258196A494300172043 /* AFHTTPRequestOperation.m in Sources */,
				41380264196A494300172043 /* UIButton+AFNetworking.m in Sources */,
				4138025B196A494300172043 /* AFNetworkReachabilityManager.m in Sources */,
				41380266196A494300172043 /* UIProgressView+AFNetworking.m in Sources */,
				41380260196A494300172043 /* AFURLSessionManager.m in Sources */,
				4138025E196A494300172043 /* AFURLRequestSerialization.m in Sources */,
				4138022D1966585C00172043 /* AccountCreateViewController.m in Sources */,
				41A5BE42196A58AD0043FAF2 /* StringUtility.m in Sources */,
				41380267196A494300172043 /* UIRefreshControl+AFNetworking.m in Sources */,
				4138025F196A494300172043 /* AFURLResponseSerialization.m in Sources */,
				4128CF4A1955244B00F4986E /* AppDelegate.m in Sources */,
				41380265196A494300172043 /* UIImageView+AFNetworking.m in Sources */,
				4128CF461955244B00F4986E /* main.m in Sources */,
				41380263196A494300172043 /* UIAlertView+AFNetworking.m in Sources */,
				41380259196A494300172043 /* AFHTTPRequestOperationManager.m in Sources */,
				4138025C196A494300172043 /* AFSecurityPolicy.m in Sources */,
				41380268196A494300172043 /* UIWebView+AFNetworking.m in Sources */,
				413802281966582400172043 /* HomeViewController.m in Sources */,
				41380231196A469700172043 /* AccountCreationService.m in Sources */,
				4138025A196A494300172043 /* AFHTTPSessionManager.m in Sources */,
				41380262196A494300172043 /* UIActivityIndicatorView+AFNetworking.m in Sources */,
				41380261196A494300172043 /* AFNetworkActivityIndicatorManager.m in Sources */,
			);
			runOnlyForDeploymentPostprocessing = 0;
		};
		4128CF531955244B00F4986E /* Sources */ = {
			isa = PBXSourcesBuildPhase;
			buildActionMask = 2147483647;
			files = (
				4128CF651955244B00F4986E /* BobaTests.m in Sources */,
			);
			runOnlyForDeploymentPostprocessing = 0;
		};
/* End PBXSourcesBuildPhase section */

/* Begin PBXTargetDependency section */
		4128CF5D1955244B00F4986E /* PBXTargetDependency */ = {
			isa = PBXTargetDependency;
			target = 4128CF351955244B00F4986E /* Boba */;
			targetProxy = 4128CF5C1955244B00F4986E /* PBXContainerItemProxy */;
		};
/* End PBXTargetDependency section */

/* Begin PBXVariantGroup section */
		4128CF421955244B00F4986E /* InfoPlist.strings */ = {
			isa = PBXVariantGroup;
			children = (
				4128CF431955244B00F4986E /* en */,
			);
			name = InfoPlist.strings;
			sourceTree = "<group>";
		};
		4128CF4B1955244B00F4986E /* Main.storyboard */ = {
			isa = PBXVariantGroup;
			children = (
				4128CF4C1955244B00F4986E /* Base */,
			);
			name = Main.storyboard;
			sourceTree = "<group>";
		};
		4128CF611955244B00F4986E /* InfoPlist.strings */ = {
			isa = PBXVariantGroup;
			children = (
				4128CF621955244B00F4986E /* en */,
			);
			name = InfoPlist.strings;
			sourceTree = "<group>";
		};
/* End PBXVariantGroup section */

/* Begin XCBuildConfiguration section */
		4128CF661955244B00F4986E /* Debug */ = {
			isa = XCBuildConfiguration;
			buildSettings = {
				ALWAYS_SEARCH_USER_PATHS = NO;
				CLANG_CXX_LANGUAGE_STANDARD = "gnu++0x";
				CLANG_CXX_LIBRARY = "libc++";
				CLANG_ENABLE_MODULES = YES;
				CLANG_ENABLE_OBJC_ARC = YES;
				CLANG_WARN_BOOL_CONVERSION = YES;
				CLANG_WARN_CONSTANT_CONVERSION = YES;
				CLANG_WARN_DIRECT_OBJC_ISA_USAGE = YES_ERROR;
				CLANG_WARN_EMPTY_BODY = YES;
				CLANG_WARN_ENUM_CONVERSION = YES;
				CLANG_WARN_INT_CONVERSION = YES;
				CLANG_WARN_OBJC_ROOT_CLASS = YES_ERROR;
				CLANG_WARN__DUPLICATE_METHOD_MATCH = YES;
				"CODE_SIGN_IDENTITY[sdk=iphoneos*]" = "iPhone Developer";
				COPY_PHASE_STRIP = NO;
				GCC_C_LANGUAGE_STANDARD = gnu99;
				GCC_DYNAMIC_NO_PIC = NO;
				GCC_OPTIMIZATION_LEVEL = 0;
				GCC_PREPROCESSOR_DEFINITIONS = (
					"DEBUG=1",
					"$(inherited)",
				);
				GCC_SYMBOLS_PRIVATE_EXTERN = NO;
				GCC_WARN_64_TO_32_BIT_CONVERSION = YES;
				GCC_WARN_ABOUT_RETURN_TYPE = YES_ERROR;
				GCC_WARN_UNDECLARED_SELECTOR = YES;
				GCC_WARN_UNINITIALIZED_AUTOS = YES_AGGRESSIVE;
				GCC_WARN_UNUSED_FUNCTION = YES;
				GCC_WARN_UNUSED_VARIABLE = YES;
				IPHONEOS_DEPLOYMENT_TARGET = 7.1;
				ONLY_ACTIVE_ARCH = YES;
				SDKROOT = iphoneos;
			};
			name = Debug;
		};
		4128CF671955244B00F4986E /* Release */ = {
			isa = XCBuildConfiguration;
			buildSettings = {
				ALWAYS_SEARCH_USER_PATHS = NO;
				CLANG_CXX_LANGUAGE_STANDARD = "gnu++0x";
				CLANG_CXX_LIBRARY = "libc++";
				CLANG_ENABLE_MODULES = YES;
				CLANG_ENABLE_OBJC_ARC = YES;
				CLANG_WARN_BOOL_CONVERSION = YES;
				CLANG_WARN_CONSTANT_CONVERSION = YES;
				CLANG_WARN_DIRECT_OBJC_ISA_USAGE = YES_ERROR;
				CLANG_WARN_EMPTY_BODY = YES;
				CLANG_WARN_ENUM_CONVERSION = YES;
				CLANG_WARN_INT_CONVERSION = YES;
				CLANG_WARN_OBJC_ROOT_CLASS = YES_ERROR;
				CLANG_WARN__DUPLICATE_METHOD_MATCH = YES;
				"CODE_SIGN_IDENTITY[sdk=iphoneos*]" = "iPhone Developer";
				COPY_PHASE_STRIP = YES;
				ENABLE_NS_ASSERTIONS = NO;
				GCC_C_LANGUAGE_STANDARD = gnu99;
				GCC_WARN_64_TO_32_BIT_CONVERSION = YES;
				GCC_WARN_ABOUT_RETURN_TYPE = YES_ERROR;
				GCC_WARN_UNDECLARED_SELECTOR = YES;
				GCC_WARN_UNINITIALIZED_AUTOS = YES_AGGRESSIVE;
				GCC_WARN_UNUSED_FUNCTION = YES;
				GCC_WARN_UNUSED_VARIABLE = YES;
				IPHONEOS_DEPLOYMENT_TARGET = 7.1;
				SDKROOT = iphoneos;
				VALIDATE_PRODUCT = YES;
			};
			name = Release;
		};
		4128CF691955244B00F4986E /* Debug */ = {
			isa = XCBuildConfiguration;
			buildSettings = {
				ASSETCATALOG_COMPILER_APPICON_NAME = AppIcon;
				ASSETCATALOG_COMPILER_LAUNCHIMAGE_NAME = LaunchImage;
				GCC_PRECOMPILE_PREFIX_HEADER = YES;
				GCC_PREFIX_HEADER = "Boba/Boba-Prefix.pch";
				INFOPLIST_FILE = "Boba/Boba-Info.plist";
				PRODUCT_NAME = "$(TARGET_NAME)";
				WRAPPER_EXTENSION = app;
			};
			name = Debug;
		};
		4128CF6A1955244B00F4986E /* Release */ = {
			isa = XCBuildConfiguration;
			buildSettings = {
				ASSETCATALOG_COMPILER_APPICON_NAME = AppIcon;
				ASSETCATALOG_COMPILER_LAUNCHIMAGE_NAME = LaunchImage;
				GCC_PRECOMPILE_PREFIX_HEADER = YES;
				GCC_PREFIX_HEADER = "Boba/Boba-Prefix.pch";
				INFOPLIST_FILE = "Boba/Boba-Info.plist";
				PRODUCT_NAME = "$(TARGET_NAME)";
				WRAPPER_EXTENSION = app;
			};
			name = Release;
		};
		4128CF6C1955244B00F4986E /* Debug */ = {
			isa = XCBuildConfiguration;
			buildSettings = {
				BUNDLE_LOADER = "$(BUILT_PRODUCTS_DIR)/Boba.app/Boba";
				FRAMEWORK_SEARCH_PATHS = (
					"$(SDKROOT)/Developer/Library/Frameworks",
					"$(inherited)",
					"$(DEVELOPER_FRAMEWORKS_DIR)",
				);
				GCC_PRECOMPILE_PREFIX_HEADER = YES;
				GCC_PREFIX_HEADER = "Boba/Boba-Prefix.pch";
				GCC_PREPROCESSOR_DEFINITIONS = (
					"DEBUG=1",
					"$(inherited)",
				);
				INFOPLIST_FILE = "BobaTests/BobaTests-Info.plist";
				PRODUCT_NAME = "$(TARGET_NAME)";
				TEST_HOST = "$(BUNDLE_LOADER)";
				WRAPPER_EXTENSION = xctest;
			};
			name = Debug;
		};
		4128CF6D1955244B00F4986E /* Release */ = {
			isa = XCBuildConfiguration;
			buildSettings = {
				BUNDLE_LOADER = "$(BUILT_PRODUCTS_DIR)/Boba.app/Boba";
				FRAMEWORK_SEARCH_PATHS = (
					"$(SDKROOT)/Developer/Library/Frameworks",
					"$(inherited)",
					"$(DEVELOPER_FRAMEWORKS_DIR)",
				);
				GCC_PRECOMPILE_PREFIX_HEADER = YES;
				GCC_PREFIX_HEADER = "Boba/Boba-Prefix.pch";
				INFOPLIST_FILE = "BobaTests/BobaTests-Info.plist";
				PRODUCT_NAME = "$(TARGET_NAME)";
				TEST_HOST = "$(BUNDLE_LOADER)";
				WRAPPER_EXTENSION = xctest;
			};
			name = Release;
		};
/* End XCBuildConfiguration section */

/* Begin XCConfigurationList section */
		4128CF311955244B00F4986E /* Build configuration list for PBXProject "Boba" */ = {
			isa = XCConfigurationList;
			buildConfigurations = (
				4128CF661955244B00F4986E /* Debug */,
				4128CF671955244B00F4986E /* Release */,
			);
			defaultConfigurationIsVisible = 0;
			defaultConfigurationName = Release;
		};
		4128CF681955244B00F4986E /* Build configuration list for PBXNativeTarget "Boba" */ = {
			isa = XCConfigurationList;
			buildConfigurations = (
				4128CF691955244B00F4986E /* Debug */,
				4128CF6A1955244B00F4986E /* Release */,
			);
			defaultConfigurationIsVisible = 0;
			defaultConfigurationName = Release;
		};
		4128CF6B1955244B00F4986E /* Build configuration list for PBXNativeTarget "BobaTests" */ = {
			isa = XCConfigurationList;
			buildConfigurations = (
				4128CF6C1955244B00F4986E /* Debug */,
				4128CF6D1955244B00F4986E /* Release */,
			);
			defaultConfigurationIsVisible = 0;
			defaultConfigurationName = Release;
		};
/* End XCConfigurationList section */
	};
	rootObject = 4128CF2E1955244B00F4986E /* Project object */;
}
